
Microsoft Visual Studio Solution File, Format Version 12.00
# Visual Studio Version 16
VisualStudioVersion = 16.0.29814.53
MinimumVisualStudioVersion = 10.0.40219.1
Project("{FAE04EC0-301F-11D3-BF4B-00C04F79EFBC}") = "course_project_46037zit", "course_project_46037zit.csproj", "{83B7A5EE-20DF-4934-92C1-5F609FB12402}"
EndProject
Global
	GlobalSection(SolutionConfigurationPlatforms) = preSolution
		Debug|Any CPU = Debug|Any CPU
		Release|Any CPU = Release|Any CPU
	EndGlobalSection
	GlobalSection(ProjectConfigurationPlatforms) = postSolution
		{83B7A5EE-20DF-4934-92C1-5F609FB12402}.Debug|Any CPU.ActiveCfg = Debug|Any CPU
		{83B7A5EE-20DF-4934-92C1-5F609FB12402}.Debug|Any CPU.Build.0 = Debug|Any CPU
		{83B7A5EE-20DF-4934-92C1-5F609FB12402}.Release|Any CPU.ActiveCfg = Release|Any CPU
		{83B7A5EE-20DF-4934-92C1-5F609FB12402}.Release|Any CPU.Build.0 = Release|Any CPU
	EndGlobalSection
	GlobalSection(SolutionProperties) = preSolution
		HideSolutionNode = FALSE
	EndGlobalSection
	GlobalSection(ExtensibilityGlobals) = postSolution
		SolutionGuid = {FE5972E1-C94F-41E4-95D5-8A77641FE139}
	EndGlobalSection
EndGlobal
